<?xml version="1.0" encoding="utf-8"?>
<Project ToolsVersion="4.0" xmlns="http://schemas.microsoft.com/developer/msbuild/2003">
  <ItemGroup>
    <ClCompile Include="KMath.cpp" />
    <ClCompile Include="KMatrix2.cpp" />
    <ClCompile Include="KVector2.cpp" />
    <ClCompile Include="KVectorUtil.cpp" />
    <ClCompile Include="LinearAlgebra.cpp" />
    <ClCompile Include="KTime.cpp">
      <Filter>Physics</Filter>
    </ClCompile>
    <ClCompile Include="KWorld.cpp">
      <Filter>Physics</Filter>
    </ClCompile>
  </ItemGroup>
  <ItemGroup>
    <ClInclude Include="KBasis2.h" />
    <ClInclude Include="KMath.h" />
    <ClInclude Include="KMatrix2.h" />
    <ClInclude Include="KPhysicsEngine.h" />
    <ClInclude Include="KScreenCoordinate.h" />
    <ClInclude Include="KVector2.h" />
    <ClInclude Include="KVectorUtil.h" />
    <ClInclude Include="LinearAlgebra.h" />
    <ClInclude Include="resource.h" />
    <ClInclude Include="targetver.h" />
    <ClInclude Include="KTime.h">
      <Filter>Physics</Filter>
    </ClInclude>
    <ClInclude Include="KWorld.h">
      <Filter>Physics</Filter>
    </ClInclude>
  </ItemGroup>
  <ItemGroup>
    <ResourceCompile Include="LinearAlgebra.rc" />
  </ItemGroup>
  <ItemGroup>
    <Image Include="LinearAlgebra.ico" />
    <Image Include="small.ico" />
  </ItemGroup>
  <ItemGroup>
    <Filter Include="Physics">
      <UniqueIdentifier>{9d0e1895-1b22-4413-afb3-40b1d74628dc}</UniqueIdentifier>
    </Filter>
  </ItemGroup>
</Project>