<?xml version="1.0" encoding="utf-8"?>
<Project ToolsVersion="4.0" xmlns="http://schemas.microsoft.com/developer/msbuild/2003">
  <ItemGroup>
    <ClCompile Include="KMath.cpp" />
    <ClCompile Include="KMatrix2.cpp" />
    <ClCompile Include="KVector2.cpp" />
    <ClCompile Include="KVectorUtil.cpp" />
    <ClCompile Include="LinearAlgebra.cpp" />
    <ClCompile Include="Collision.cpp">
      <Filter>Physics</Filter>
    </ClCompile>
    <ClCompile Include="KCircleShape.cpp">
      <Filter>Physics</Filter>
    </ClCompile>
    <ClCompile Include="KManifold.cpp">
      <Filter>Physics</Filter>
    </ClCompile>
    <ClCompile Include="KPolygonShape.cpp">
      <Filter>Physics</Filter>
    </ClCompile>
    <ClCompile Include="KRigidbody.cpp">
      <Filter>Physics</Filter>
    </ClCompile>
    <ClCompile Include="KWorld.cpp">
      <Filter>Physics</Filter>
    </ClCompile>
    <ClCompile Include="KShapeUtil.cpp" />
  </ItemGroup>
  <ItemGroup>
    <ClInclude Include="KBasis2.h" />
    <ClInclude Include="KMath.h" />
    <ClInclude Include="KMatrix2.h" />
    <ClInclude Include="KPhysicsEngine.h" />
    <ClInclude Include="KScreenCoordinate.h" />
    <ClInclude Include="KVector2.h" />
    <ClInclude Include="KVectorUtil.h" />
    <ClInclude Include="LinearAlgebra.h" />
    <ClInclude Include="resource.h" />
    <ClInclude Include="targetver.h" />
    <ClInclude Include="Collision.h">
      <Filter>Physics</Filter>
    </ClInclude>
    <ClInclude Include="KCircleShape.h">
      <Filter>Physics</Filter>
    </ClInclude>
    <ClInclude Include="KManifold.h">
      <Filter>Physics</Filter>
    </ClInclude>
    <ClInclude Include="KPolygonShape.h">
      <Filter>Physics</Filter>
    </ClInclude>
    <ClInclude Include="KRigidbody.h">
      <Filter>Physics</Filter>
    </ClInclude>
    <ClInclude Include="KWorld.h">
      <Filter>Physics</Filter>
    </ClInclude>
    <ClInclude Include="KShape.h">
      <Filter>Physics</Filter>
    </ClInclude>
    <ClInclude Include="KShapeUtil.h" />
  </ItemGroup>
  <ItemGroup>
    <ResourceCompile Include="LinearAlgebra.rc" />
  </ItemGroup>
  <ItemGroup>
    <Image Include="LinearAlgebra.ico" />
    <Image Include="small.ico" />
  </ItemGroup>
  <ItemGroup>
    <Filter Include="Physics">
      <UniqueIdentifier>{3ff44328-493f-4d72-8413-5c0ff6146c1d}</UniqueIdentifier>
    </Filter>
  </ItemGroup>
</Project>